# This file is autogenerated, do not edit; changes may be undone by the next 'dep ensure'.


[[projects]]
  branch = "master"
  name = "github.com/moul/http2curl"
  packages = ["."]
  revision = "9ac6cf4d929b2fa8fd2d2e6dec5bb0feb4f4911d"

[[projects]]
  name = "github.com/parnurzeal/gorequest"
  packages = ["."]
  revision = "a578a48e8d6ca8b01a3b18314c43c6716bb5f5a3"
  version = "v0.2.15"

[[projects]]
  name = "github.com/pkg/errors"
  packages = ["."]
  revision = "645ef00459ed84a119197bfb8d8205042c6df63d"
  version = "v0.8.0"

[[projects]]
  branch = "master"
  name = "golang.org/x/net"
  packages = ["idna","publicsuffix"]
  revision = "9dfe39835686865bff950a07b394c12a98ddc811"

[[projects]]
  branch = "master"
  name = "golang.org/x/text"
  packages = ["collate","collate/build","internal/colltab","internal/gen","internal/tag","internal/triegen","internal/ucd","language","secure/bidirule","transform","unicode/bidi","unicode/cldr","unicode/norm","unicode/rangetable"]
  revision = "88f656faf3f37f690df1a32515b479415e1a6769"

[solve-meta]
  analyzer-name = "dep"
  analyzer-version = 1
  inputs-digest = "429716c7f4987076a14c793a0926565e1cca8c9dbcf8d75cc79a516be6bc5c3a"
  solver-name = "gps-cdcl"
  solver-version = 1
